
Microsoft Visual Studio Solution File, Format Version 12.00
# Visual Studio 15
VisualStudioVersion = 15.0.26430.13
MinimumVisualStudioVersion = 10.0.40219.1
Project("{FAE04EC0-301F-11D3-BF4B-00C04F79EFBC}") = "XamarinFormsCircle.Android", "XamarinFormsCircle\XamarinFormsCircle.Android\XamarinFormsCircle.Android.csproj", "{F910F04E-019F-4A31-A86E-51A9461DF732}"
EndProject
Project("{FAE04EC0-301F-11D3-BF4B-00C04F79EFBC}") = "XamarinFormsCircle", "XamarinFormsCircle\XamarinFormsCircle\XamarinFormsCircle.csproj", "{F40DE7E3-B034-48E3-BCCA-3A5A87B343A7}"
EndProject
Project("{FAE04EC0-301F-11D3-BF4B-00C04F79EFBC}") = "XamarinFormsCircle.UWP", "XamarinFormsCircle\XamarinFormsCircle.UWP\XamarinFormsCircle.UWP.csproj", "{8A18C96A-01D0-4189-AE33-5F0DE93A7744}"
EndProject
Project("{FAE04EC0-301F-11D3-BF4B-00C04F79EFBC}") = "XamarinFormsCircle.iOS", "XamarinFormsCircle\XamarinFormsCircle.iOS\XamarinFormsCircle.iOS.csproj", "{5662CA2F-1E90-432E-B78C-B89647E8476C}"
EndProject
Global
	GlobalSection(SolutionConfigurationPlatforms) = preSolution
		Ad-Hoc|Any CPU = Ad-Hoc|Any CPU
		Ad-Hoc|ARM = Ad-Hoc|ARM
		Ad-Hoc|iPhone = Ad-Hoc|iPhone
		Ad-Hoc|iPhoneSimulator = Ad-Hoc|iPhoneSimulator
		Ad-Hoc|x64 = Ad-Hoc|x64
		Ad-Hoc|x86 = Ad-Hoc|x86
		AppStore|Any CPU = AppStore|Any CPU
		AppStore|ARM = AppStore|ARM
		AppStore|iPhone = AppStore|iPhone
		AppStore|iPhoneSimulator = AppStore|iPhoneSimulator
		AppStore|x64 = AppStore|x64
		AppStore|x86 = AppStore|x86
		Debug|Any CPU = Debug|Any CPU
		Debug|ARM = Debug|ARM
		Debug|iPhone = Debug|iPhone
		Debug|iPhoneSimulator = Debug|iPhoneSimulator
		Debug|x64 = Debug|x64
		Debug|x86 = Debug|x86
		Release|Any CPU = Release|Any CPU
		Release|ARM = Release|ARM
		Release|iPhone = Release|iPhone
		Release|iPhoneSimulator = Release|iPhoneSimulator
		Release|x64 = Release|x64
		Release|x86 = Release|x86
	EndGlobalSection
	GlobalSection(ProjectConfigurationPlatforms) = postSolution
		{F910F04E-019F-4A31-A86E-51A9461DF732}.Ad-Hoc|Any CPU.ActiveCfg = Release|Any CPU
		{F910F04E-019F-4A31-A86E-51A9461DF732}.Ad-Hoc|Any CPU.Build.0 = Release|Any CPU
		{F910F04E-019F-4A31-A86E-51A9461DF732}.Ad-Hoc|Any CPU.Deploy.0 = Release|Any CPU
		{F910F04E-019F-4A31-A86E-51A9461DF732}.Ad-Hoc|ARM.ActiveCfg = Release|Any CPU
		{F910F04E-019F-4A31-A86E-51A9461DF732}.Ad-Hoc|ARM.Build.0 = Release|Any CPU
		{F910F04E-019F-4A31-A86E-51A9461DF732}.Ad-Hoc|ARM.Deploy.0 = Release|Any CPU
		{F910F04E-019F-4A31-A86E-51A9461DF732}.Ad-Hoc|iPhone.ActiveCfg = Release|Any CPU
		{F910F04E-019F-4A31-A86E-51A9461DF732}.Ad-Hoc|iPhone.Build.0 = Release|Any CPU
		{F910F04E-019F-4A31-A86E-51A9461DF732}.Ad-Hoc|iPhone.Deploy.0 = Release|Any CPU
		{F910F04E-019F-4A31-A86E-51A9461DF732}.Ad-Hoc|iPhoneSimulator.ActiveCfg = Release|Any CPU
		{F910F04E-019F-4A31-A86E-51A9461DF732}.Ad-Hoc|iPhoneSimulator.Build.0 = Release|Any CPU
		{F910F04E-019F-4A31-A86E-51A9461DF732}.Ad-Hoc|iPhoneSimulator.Deploy.0 = Release|Any CPU
		{F910F04E-019F-4A31-A86E-51A9461DF732}.Ad-Hoc|x64.ActiveCfg = Release|Any CPU
		{F910F04E-019F-4A31-A86E-51A9461DF732}.Ad-Hoc|x64.Build.0 = Release|Any CPU
		{F910F04E-019F-4A31-A86E-51A9461DF732}.Ad-Hoc|x64.Deploy.0 = Release|Any CPU
		{F910F04E-019F-4A31-A86E-51A9461DF732}.Ad-Hoc|x86.ActiveCfg = Release|Any CPU
		{F910F04E-019F-4A31-A86E-51A9461DF732}.Ad-Hoc|x86.Build.0 = Release|Any CPU
		{F910F04E-019F-4A31-A86E-51A9461DF732}.Ad-Hoc|x86.Deploy.0 = Release|Any CPU
		{F910F04E-019F-4A31-A86E-51A9461DF732}.AppStore|Any CPU.ActiveCfg = Release|Any CPU
		{F910F04E-019F-4A31-A86E-51A9461DF732}.AppStore|Any CPU.Build.0 = Release|Any CPU
		{F910F04E-019F-4A31-A86E-51A9461DF732}.AppStore|Any CPU.Deploy.0 = Release|Any CPU
		{F910F04E-019F-4A31-A86E-51A9461DF732}.AppStore|ARM.ActiveCfg = Release|Any CPU
		{F910F04E-019F-4A31-A86E-51A9461DF732}.AppStore|ARM.Build.0 = Release|Any CPU
		{F910F04E-019F-4A31-A86E-51A9461DF732}.AppStore|ARM.Deploy.0 = Release|Any CPU
		{F910F04E-019F-4A31-A86E-51A9461DF732}.AppStore|iPhone.ActiveCfg = Release|Any CPU
		{F910F04E-019F-4A31-A86E-51A9461DF732}.AppStore|iPhone.Build.0 = Release|Any CPU
		{F910F04E-019F-4A31-A86E-51A9461DF732}.AppStore|iPhone.Deploy.0 = Release|Any CPU
		{F910F04E-019F-4A31-A86E-51A9461DF732}.AppStore|iPhoneSimulator.ActiveCfg = Release|Any CPU
		{F910F04E-019F-4A31-A86E-51A9461DF732}.AppStore|iPhoneSimulator.Build.0 = Release|Any CPU
		{F910F04E-019F-4A31-A86E-51A9461DF732}.AppStore|iPhoneSimulator.Deploy.0 = Release|Any CPU
		{F910F04E-019F-4A31-A86E-51A9461DF732}.AppStore|x64.ActiveCfg = Release|Any CPU
		{F910F04E-019F-4A31-A86E-51A9461DF732}.AppStore|x64.Build.0 = Release|Any CPU
		{F910F04E-019F-4A31-A86E-51A9461DF732}.AppStore|x64.Deploy.0 = Release|Any CPU
		{F910F04E-019F-4A31-A86E-51A9461DF732}.AppStore|x86.ActiveCfg = Release|Any CPU
		{F910F04E-019F-4A31-A86E-51A9461DF732}.AppStore|x86.Build.0 = Release|Any CPU
		{F910F04E-019F-4A31-A86E-51A9461DF732}.AppStore|x86.Deploy.0 = Release|Any CPU
		{F910F04E-019F-4A31-A86E-51A9461DF732}.Debug|Any CPU.ActiveCfg = Debug|Any CPU
		{F910F04E-019F-4A31-A86E-51A9461DF732}.Debug|ARM.ActiveCfg = Debug|Any CPU
		{F910F04E-019F-4A31-A86E-51A9461DF732}.Debug|ARM.Build.0 = Debug|Any CPU
		{F910F04E-019F-4A31-A86E-51A9461DF732}.Debug|ARM.Deploy.0 = Debug|Any CPU
		{F910F04E-019F-4A31-A86E-51A9461DF732}.Debug|iPhone.ActiveCfg = Debug|Any CPU
		{F910F04E-019F-4A31-A86E-51A9461DF732}.Debug|iPhone.Build.0 = Debug|Any CPU
		{F910F04E-019F-4A31-A86E-51A9461DF732}.Debug|iPhone.Deploy.0 = Debug|Any CPU
		{F910F04E-019F-4A31-A86E-51A9461DF732}.Debug|iPhoneSimulator.ActiveCfg = Debug|Any CPU
		{F910F04E-019F-4A31-A86E-51A9461DF732}.Debug|iPhoneSimulator.Build.0 = Debug|Any CPU
		{F910F04E-019F-4A31-A86E-51A9461DF732}.Debug|iPhoneSimulator.Deploy.0 = Debug|Any CPU
		{F910F04E-019F-4A31-A86E-51A9461DF732}.Debug|x64.ActiveCfg = Debug|Any CPU
		{F910F04E-019F-4A31-A86E-51A9461DF732}.Debug|x64.Build.0 = Debug|Any CPU
		{F910F04E-019F-4A31-A86E-51A9461DF732}.Debug|x64.Deploy.0 = Debug|Any CPU
		{F910F04E-019F-4A31-A86E-51A9461DF732}.Debug|x86.ActiveCfg = Debug|Any CPU
		{F910F04E-019F-4A31-A86E-51A9461DF732}.Debug|x86.Build.0 = Debug|Any CPU
		{F910F04E-019F-4A31-A86E-51A9461DF732}.Debug|x86.Deploy.0 = Debug|Any CPU
		{F910F04E-019F-4A31-A86E-51A9461DF732}.Release|Any CPU.ActiveCfg = Release|Any CPU
		{F910F04E-019F-4A31-A86E-51A9461DF732}.Release|Any CPU.Build.0 = Release|Any CPU
		{F910F04E-019F-4A31-A86E-51A9461DF732}.Release|Any CPU.Deploy.0 = Release|Any CPU
		{F910F04E-019F-4A31-A86E-51A9461DF732}.Release|ARM.ActiveCfg = Release|Any CPU
		{F910F04E-019F-4A31-A86E-51A9461DF732}.Release|ARM.Build.0 = Release|Any CPU
		{F910F04E-019F-4A31-A86E-51A9461DF732}.Release|ARM.Deploy.0 = Release|Any CPU
		{F910F04E-019F-4A31-A86E-51A9461DF732}.Release|iPhone.ActiveCfg = Release|Any CPU
		{F910F04E-019F-4A31-A86E-51A9461DF732}.Release|iPhone.Build.0 = Release|Any CPU
		{F910F04E-019F-4A31-A86E-51A9461DF732}.Release|iPhone.Deploy.0 = Release|Any CPU
		{F910F04E-019F-4A31-A86E-51A9461DF732}.Release|iPhoneSimulator.ActiveCfg = Release|Any CPU
		{F910F04E-019F-4A31-A86E-51A9461DF732}.Release|iPhoneSimulator.Build.0 = Release|Any CPU
		{F910F04E-019F-4A31-A86E-51A9461DF732}.Release|iPhoneSimulator.Deploy.0 = Release|Any CPU
		{F910F04E-019F-4A31-A86E-51A9461DF732}.Release|x64.ActiveCfg = Release|Any CPU
		{F910F04E-019F-4A31-A86E-51A9461DF732}.Release|x64.Build.0 = Release|Any CPU
		{F910F04E-019F-4A31-A86E-51A9461DF732}.Release|x64.Deploy.0 = Release|Any CPU
		{F910F04E-019F-4A31-A86E-51A9461DF732}.Release|x86.ActiveCfg = Release|Any CPU
		{F910F04E-019F-4A31-A86E-51A9461DF732}.Release|x86.Build.0 = Release|Any CPU
		{F910F04E-019F-4A31-A86E-51A9461DF732}.Release|x86.Deploy.0 = Release|Any CPU
		{F40DE7E3-B034-48E3-BCCA-3A5A87B343A7}.Ad-Hoc|Any CPU.ActiveCfg = Release|Any CPU
		{F40DE7E3-B034-48E3-BCCA-3A5A87B343A7}.Ad-Hoc|Any CPU.Build.0 = Release|Any CPU
		{F40DE7E3-B034-48E3-BCCA-3A5A87B343A7}.Ad-Hoc|ARM.ActiveCfg = Release|Any CPU
		{F40DE7E3-B034-48E3-BCCA-3A5A87B343A7}.Ad-Hoc|ARM.Build.0 = Release|Any CPU
		{F40DE7E3-B034-48E3-BCCA-3A5A87B343A7}.Ad-Hoc|iPhone.ActiveCfg = Release|Any CPU
		{F40DE7E3-B034-48E3-BCCA-3A5A87B343A7}.Ad-Hoc|iPhone.Build.0 = Release|Any CPU
		{F40DE7E3-B034-48E3-BCCA-3A5A87B343A7}.Ad-Hoc|iPhoneSimulator.ActiveCfg = Release|Any CPU
		{F40DE7E3-B034-48E3-BCCA-3A5A87B343A7}.Ad-Hoc|iPhoneSimulator.Build.0 = Release|Any CPU
		{F40DE7E3-B034-48E3-BCCA-3A5A87B343A7}.Ad-Hoc|x64.ActiveCfg = Release|Any CPU
		{F40DE7E3-B034-48E3-BCCA-3A5A87B343A7}.Ad-Hoc|x64.Build.0 = Release|Any CPU
		{F40DE7E3-B034-48E3-BCCA-3A5A87B343A7}.Ad-Hoc|x86.ActiveCfg = Release|Any CPU
		{F40DE7E3-B034-48E3-BCCA-3A5A87B343A7}.Ad-Hoc|x86.Build.0 = Release|Any CPU
		{F40DE7E3-B034-48E3-BCCA-3A5A87B343A7}.AppStore|Any CPU.ActiveCfg = Release|Any CPU
		{F40DE7E3-B034-48E3-BCCA-3A5A87B343A7}.AppStore|Any CPU.Build.0 = Release|Any CPU
		{F40DE7E3-B034-48E3-BCCA-3A5A87B343A7}.AppStore|ARM.ActiveCfg = Release|Any CPU
		{F40DE7E3-B034-48E3-BCCA-3A5A87B343A7}.AppStore|ARM.Build.0 = Release|Any CPU
		{F40DE7E3-B034-48E3-BCCA-3A5A87B343A7}.AppStore|iPhone.ActiveCfg = Release|Any CPU
		{F40DE7E3-B034-48E3-BCCA-3A5A87B343A7}.AppStore|iPhone.Build.0 = Release|Any CPU
		{F40DE7E3-B034-48E3-BCCA-3A5A87B343A7}.AppStore|iPhoneSimulator.ActiveCfg = Release|Any CPU
		{F40DE7E3-B034-48E3-BCCA-3A5A87B343A7}.AppStore|iPhoneSimulator.Build.0 = Release|Any CPU
		{F40DE7E3-B034-48E3-BCCA-3A5A87B343A7}.AppStore|x64.ActiveCfg = Release|Any CPU
		{F40DE7E3-B034-48E3-BCCA-3A5A87B343A7}.AppStore|x64.Build.0 = Release|Any CPU
		{F40DE7E3-B034-48E3-BCCA-3A5A87B343A7}.AppStore|x86.ActiveCfg = Release|Any CPU
		{F40DE7E3-B034-48E3-BCCA-3A5A87B343A7}.AppStore|x86.Build.0 = Release|Any CPU
		{F40DE7E3-B034-48E3-BCCA-3A5A87B343A7}.Debug|Any CPU.ActiveCfg = Debug|Any CPU
		{F40DE7E3-B034-48E3-BCCA-3A5A87B343A7}.Debug|Any CPU.Build.0 = Debug|Any CPU
		{F40DE7E3-B034-48E3-BCCA-3A5A87B343A7}.Debug|ARM.ActiveCfg = Debug|Any CPU
		{F40DE7E3-B034-48E3-BCCA-3A5A87B343A7}.Debug|ARM.Build.0 = Debug|Any CPU
		{F40DE7E3-B034-48E3-BCCA-3A5A87B343A7}.Debug|iPhone.ActiveCfg = Debug|Any CPU
		{F40DE7E3-B034-48E3-BCCA-3A5A87B343A7}.Debug|iPhone.Build.0 = Debug|Any CPU
		{F40DE7E3-B034-48E3-BCCA-3A5A87B343A7}.Debug|iPhoneSimulator.ActiveCfg = Debug|Any CPU
		{F40DE7E3-B034-48E3-BCCA-3A5A87B343A7}.Debug|iPhoneSimulator.Build.0 = Debug|Any CPU
		{F40DE7E3-B034-48E3-BCCA-3A5A87B343A7}.Debug|x64.ActiveCfg = Debug|Any CPU
		{F40DE7E3-B034-48E3-BCCA-3A5A87B343A7}.Debug|x64.Build.0 = Debug|Any CPU
		{F40DE7E3-B034-48E3-BCCA-3A5A87B343A7}.Debug|x86.ActiveCfg = Debug|Any CPU
		{F40DE7E3-B034-48E3-BCCA-3A5A87B343A7}.Debug|x86.Build.0 = Debug|Any CPU
		{F40DE7E3-B034-48E3-BCCA-3A5A87B343A7}.Release|Any CPU.ActiveCfg = Release|Any CPU
		{F40DE7E3-B034-48E3-BCCA-3A5A87B343A7}.Release|Any CPU.Build.0 = Release|Any CPU
		{F40DE7E3-B034-48E3-BCCA-3A5A87B343A7}.Release|ARM.ActiveCfg = Release|Any CPU
		{F40DE7E3-B034-48E3-BCCA-3A5A87B343A7}.Release|ARM.Build.0 = Release|Any CPU
		{F40DE7E3-B034-48E3-BCCA-3A5A87B343A7}.Release|iPhone.ActiveCfg = Release|Any CPU
		{F40DE7E3-B034-48E3-BCCA-3A5A87B343A7}.Release|iPhone.Build.0 = Release|Any CPU
		{F40DE7E3-B034-48E3-BCCA-3A5A87B343A7}.Release|iPhoneSimulator.ActiveCfg = Release|Any CPU
		{F40DE7E3-B034-48E3-BCCA-3A5A87B343A7}.Release|iPhoneSimulator.Build.0 = Release|Any CPU
		{F40DE7E3-B034-48E3-BCCA-3A5A87B343A7}.Release|x64.ActiveCfg = Release|Any CPU
		{F40DE7E3-B034-48E3-BCCA-3A5A87B343A7}.Release|x64.Build.0 = Release|Any CPU
		{F40DE7E3-B034-48E3-BCCA-3A5A87B343A7}.Release|x86.ActiveCfg = Release|Any CPU
		{F40DE7E3-B034-48E3-BCCA-3A5A87B343A7}.Release|x86.Build.0 = Release|Any CPU
		{8A18C96A-01D0-4189-AE33-5F0DE93A7744}.Ad-Hoc|Any CPU.ActiveCfg = Release|x86
		{8A18C96A-01D0-4189-AE33-5F0DE93A7744}.Ad-Hoc|Any CPU.Build.0 = Release|x86
		{8A18C96A-01D0-4189-AE33-5F0DE93A7744}.Ad-Hoc|Any CPU.Deploy.0 = Release|x86
		{8A18C96A-01D0-4189-AE33-5F0DE93A7744}.Ad-Hoc|ARM.ActiveCfg = Release|ARM
		{8A18C96A-01D0-4189-AE33-5F0DE93A7744}.Ad-Hoc|ARM.Build.0 = Release|ARM
		{8A18C96A-01D0-4189-AE33-5F0DE93A7744}.Ad-Hoc|ARM.Deploy.0 = Release|ARM
		{8A18C96A-01D0-4189-AE33-5F0DE93A7744}.Ad-Hoc|iPhone.ActiveCfg = Release|x86
		{8A18C96A-01D0-4189-AE33-5F0DE93A7744}.Ad-Hoc|iPhone.Build.0 = Release|x86
		{8A18C96A-01D0-4189-AE33-5F0DE93A7744}.Ad-Hoc|iPhone.Deploy.0 = Release|x86
		{8A18C96A-01D0-4189-AE33-5F0DE93A7744}.Ad-Hoc|iPhoneSimulator.ActiveCfg = Release|x86
		{8A18C96A-01D0-4189-AE33-5F0DE93A7744}.Ad-Hoc|iPhoneSimulator.Build.0 = Release|x86
		{8A18C96A-01D0-4189-AE33-5F0DE93A7744}.Ad-Hoc|iPhoneSimulator.Deploy.0 = Release|x86
		{8A18C96A-01D0-4189-AE33-5F0DE93A7744}.Ad-Hoc|x64.ActiveCfg = Release|x64
		{8A18C96A-01D0-4189-AE33-5F0DE93A7744}.Ad-Hoc|x64.Build.0 = Release|x64
		{8A18C96A-01D0-4189-AE33-5F0DE93A7744}.Ad-Hoc|x64.Deploy.0 = Release|x64
		{8A18C96A-01D0-4189-AE33-5F0DE93A7744}.Ad-Hoc|x86.ActiveCfg = Release|x86
		{8A18C96A-01D0-4189-AE33-5F0DE93A7744}.Ad-Hoc|x86.Build.0 = Release|x86
		{8A18C96A-01D0-4189-AE33-5F0DE93A7744}.Ad-Hoc|x86.Deploy.0 = Release|x86
		{8A18C96A-01D0-4189-AE33-5F0DE93A7744}.AppStore|Any CPU.ActiveCfg = Release|x86
		{8A18C96A-01D0-4189-AE33-5F0DE93A7744}.AppStore|Any CPU.Build.0 = Release|x86
		{8A18C96A-01D0-4189-AE33-5F0DE93A7744}.AppStore|Any CPU.Deploy.0 = Release|x86
		{8A18C96A-01D0-4189-AE33-5F0DE93A7744}.AppStore|ARM.ActiveCfg = Release|ARM
		{8A18C96A-01D0-4189-AE33-5F0DE93A7744}.AppStore|ARM.Build.0 = Release|ARM
		{8A18C96A-01D0-4189-AE33-5F0DE93A7744}.AppStore|ARM.Deploy.0 = Release|ARM
		{8A18C96A-01D0-4189-AE33-5F0DE93A7744}.AppStore|iPhone.ActiveCfg = Release|x86
		{8A18C96A-01D0-4189-AE33-5F0DE93A7744}.AppStore|iPhone.Build.0 = Release|x86
		{8A18C96A-01D0-4189-AE33-5F0DE93A7744}.AppStore|iPhone.Deploy.0 = Release|x86
		{8A18C96A-01D0-4189-AE33-5F0DE93A7744}.AppStore|iPhoneSimulator.ActiveCfg = Release|x86
		{8A18C96A-01D0-4189-AE33-5F0DE93A7744}.AppStore|iPhoneSimulator.Build.0 = Release|x86
		{8A18C96A-01D0-4189-AE33-5F0DE93A7744}.AppStore|iPhoneSimulator.Deploy.0 = Release|x86
		{8A18C96A-01D0-4189-AE33-5F0DE93A7744}.AppStore|x64.ActiveCfg = Release|x64
		{8A18C96A-01D0-4189-AE33-5F0DE93A7744}.AppStore|x64.Build.0 = Release|x64
		{8A18C96A-01D0-4189-AE33-5F0DE93A7744}.AppStore|x64.Deploy.0 = Release|x64
		{8A18C96A-01D0-4189-AE33-5F0DE93A7744}.AppStore|x86.ActiveCfg = Release|x86
		{8A18C96A-01D0-4189-AE33-5F0DE93A7744}.AppStore|x86.Build.0 = Release|x86
		{8A18C96A-01D0-4189-AE33-5F0DE93A7744}.AppStore|x86.Deploy.0 = Release|x86
		{8A18C96A-01D0-4189-AE33-5F0DE93A7744}.Debug|Any CPU.ActiveCfg = Debug|x86
		{8A18C96A-01D0-4189-AE33-5F0DE93A7744}.Debug|Any CPU.Build.0 = Debug|x86
		{8A18C96A-01D0-4189-AE33-5F0DE93A7744}.Debug|Any CPU.Deploy.0 = Debug|x86
		{8A18C96A-01D0-4189-AE33-5F0DE93A7744}.Debug|ARM.ActiveCfg = Debug|ARM
		{8A18C96A-01D0-4189-AE33-5F0DE93A7744}.Debug|ARM.Build.0 = Debug|ARM
		{8A18C96A-01D0-4189-AE33-5F0DE93A7744}.Debug|ARM.Deploy.0 = Debug|ARM
		{8A18C96A-01D0-4189-AE33-5F0DE93A7744}.Debug|iPhone.ActiveCfg = Debug|x86
		{8A18C96A-01D0-4189-AE33-5F0DE93A7744}.Debug|iPhoneSimulator.ActiveCfg = Debug|x86
		{8A18C96A-01D0-4189-AE33-5F0DE93A7744}.Debug|x64.ActiveCfg = Debug|x64
		{8A18C96A-01D0-4189-AE33-5F0DE93A7744}.Debug|x64.Build.0 = Debug|x64
		{8A18C96A-01D0-4189-AE33-5F0DE93A7744}.Debug|x64.Deploy.0 = Debug|x64
		{8A18C96A-01D0-4189-AE33-5F0DE93A7744}.Debug|x86.ActiveCfg = Debug|x86
		{8A18C96A-01D0-4189-AE33-5F0DE93A7744}.Debug|x86.Build.0 = Debug|x86
		{8A18C96A-01D0-4189-AE33-5F0DE93A7744}.Debug|x86.Deploy.0 = Debug|x86
		{8A18C96A-01D0-4189-AE33-5F0DE93A7744}.Release|Any CPU.ActiveCfg = Release|x86
		{8A18C96A-01D0-4189-AE33-5F0DE93A7744}.Release|ARM.ActiveCfg = Release|ARM
		{8A18C96A-01D0-4189-AE33-5F0DE93A7744}.Release|ARM.Build.0 = Release|ARM
		{8A18C96A-01D0-4189-AE33-5F0DE93A7744}.Release|ARM.Deploy.0 = Release|ARM
		{8A18C96A-01D0-4189-AE33-5F0DE93A7744}.Release|iPhone.ActiveCfg = Release|x86
		{8A18C96A-01D0-4189-AE33-5F0DE93A7744}.Release|iPhoneSimulator.ActiveCfg = Release|x86
		{8A18C96A-01D0-4189-AE33-5F0DE93A7744}.Release|x64.ActiveCfg = Release|x64
		{8A18C96A-01D0-4189-AE33-5F0DE93A7744}.Release|x64.Build.0 = Release|x64
		{8A18C96A-01D0-4189-AE33-5F0DE93A7744}.Release|x64.Deploy.0 = Release|x64
		{8A18C96A-01D0-4189-AE33-5F0DE93A7744}.Release|x86.ActiveCfg = Release|x86
		{8A18C96A-01D0-4189-AE33-5F0DE93A7744}.Release|x86.Build.0 = Release|x86
		{8A18C96A-01D0-4189-AE33-5F0DE93A7744}.Release|x86.Deploy.0 = Release|x86
		{5662CA2F-1E90-432E-B78C-B89647E8476C}.Ad-Hoc|Any CPU.ActiveCfg = Ad-Hoc|iPhone
		{5662CA2F-1E90-432E-B78C-B89647E8476C}.Ad-Hoc|ARM.ActiveCfg = Ad-Hoc|iPhone
		{5662CA2F-1E90-432E-B78C-B89647E8476C}.Ad-Hoc|iPhone.ActiveCfg = Ad-Hoc|iPhone
		{5662CA2F-1E90-432E-B78C-B89647E8476C}.Ad-Hoc|iPhone.Build.0 = Ad-Hoc|iPhone
		{5662CA2F-1E90-432E-B78C-B89647E8476C}.Ad-Hoc|iPhoneSimulator.ActiveCfg = Ad-Hoc|iPhoneSimulator
		{5662CA2F-1E90-432E-B78C-B89647E8476C}.Ad-Hoc|iPhoneSimulator.Build.0 = Ad-Hoc|iPhoneSimulator
		{5662CA2F-1E90-432E-B78C-B89647E8476C}.Ad-Hoc|x64.ActiveCfg = Ad-Hoc|iPhone
		{5662CA2F-1E90-432E-B78C-B89647E8476C}.Ad-Hoc|x86.ActiveCfg = Ad-Hoc|iPhone
		{5662CA2F-1E90-432E-B78C-B89647E8476C}.AppStore|Any CPU.ActiveCfg = AppStore|iPhone
		{5662CA2F-1E90-432E-B78C-B89647E8476C}.AppStore|ARM.ActiveCfg = AppStore|iPhone
		{5662CA2F-1E90-432E-B78C-B89647E8476C}.AppStore|iPhone.ActiveCfg = AppStore|iPhone
		{5662CA2F-1E90-432E-B78C-B89647E8476C}.AppStore|iPhone.Build.0 = AppStore|iPhone
		{5662CA2F-1E90-432E-B78C-B89647E8476C}.AppStore|iPhoneSimulator.ActiveCfg = AppStore|iPhoneSimulator
		{5662CA2F-1E90-432E-B78C-B89647E8476C}.AppStore|iPhoneSimulator.Build.0 = AppStore|iPhoneSimulator
		{5662CA2F-1E90-432E-B78C-B89647E8476C}.AppStore|x64.ActiveCfg = AppStore|iPhone
		{5662CA2F-1E90-432E-B78C-B89647E8476C}.AppStore|x86.ActiveCfg = AppStore|iPhone
		{5662CA2F-1E90-432E-B78C-B89647E8476C}.Debug|Any CPU.ActiveCfg = Debug|iPhone
		{5662CA2F-1E90-432E-B78C-B89647E8476C}.Debug|ARM.ActiveCfg = Debug|iPhone
		{5662CA2F-1E90-432E-B78C-B89647E8476C}.Debug|iPhone.ActiveCfg = Debug|iPhone
		{5662CA2F-1E90-432E-B78C-B89647E8476C}.Debug|iPhone.Build.0 = Debug|iPhone
		{5662CA2F-1E90-432E-B78C-B89647E8476C}.Debug|iPhoneSimulator.ActiveCfg = Debug|iPhoneSimulator
		{5662CA2F-1E90-432E-B78C-B89647E8476C}.Debug|iPhoneSimulator.Build.0 = Debug|iPhoneSimulator
		{5662CA2F-1E90-432E-B78C-B89647E8476C}.Debug|x64.ActiveCfg = Debug|iPhone
		{5662CA2F-1E90-432E-B78C-B89647E8476C}.Debug|x86.ActiveCfg = Debug|iPhone
		{5662CA2F-1E90-432E-B78C-B89647E8476C}.Release|Any CPU.ActiveCfg = Release|iPhone
		{5662CA2F-1E90-432E-B78C-B89647E8476C}.Release|ARM.ActiveCfg = Release|iPhone
		{5662CA2F-1E90-432E-B78C-B89647E8476C}.Release|iPhone.ActiveCfg = Release|iPhone
		{5662CA2F-1E90-432E-B78C-B89647E8476C}.Release|iPhone.Build.0 = Release|iPhone
		{5662CA2F-1E90-432E-B78C-B89647E8476C}.Release|iPhoneSimulator.ActiveCfg = Release|iPhoneSimulator
		{5662CA2F-1E90-432E-B78C-B89647E8476C}.Release|iPhoneSimulator.Build.0 = Release|iPhoneSimulator
		{5662CA2F-1E90-432E-B78C-B89647E8476C}.Release|x64.ActiveCfg = Release|iPhone
		{5662CA2F-1E90-432E-B78C-B89647E8476C}.Release|x86.ActiveCfg = Release|iPhone
	EndGlobalSection
	GlobalSection(SolutionProperties) = preSolution
		HideSolutionNode = FALSE
	EndGlobalSection
EndGlobal
